
Microsoft Visual Studio Solution File, Format Version 12.00
# Visual Studio 15
VisualStudioVersion = 15.0.28307.645
MinimumVisualStudioVersion = 10.0.40219.1
Project("{FAE04EC0-301F-11D3-BF4B-00C04F79EFBC}") = "ArabApp", "ArabApp\ArabApp.csproj", "{5F11AC88-33C4-4E3A-BC3A-91FD1F8B363C}"
EndProject
Project("{FAE04EC0-301F-11D3-BF4B-00C04F79EFBC}") = "ArabApp.Core", "ArabApp.Core\ArabApp.Core.csproj", "{7C1AA1D9-8DC4-433B-B2DA-DBDAE70EA114}"
EndProject
Global
	GlobalSection(SolutionConfigurationPlatforms) = preSolution
		Debug|Any CPU = Debug|Any CPU
		Release|Any CPU = Release|Any CPU
	EndGlobalSection
	GlobalSection(ProjectConfigurationPlatforms) = postSolution
		{5F11AC88-33C4-4E3A-BC3A-91FD1F8B363C}.Debug|Any CPU.ActiveCfg = Debug|Any CPU
		{5F11AC88-33C4-4E3A-BC3A-91FD1F8B363C}.Debug|Any CPU.Build.0 = Debug|Any CPU
		{5F11AC88-33C4-4E3A-BC3A-91FD1F8B363C}.Debug|Any CPU.Deploy.0 = Debug|Any CPU
		{5F11AC88-33C4-4E3A-BC3A-91FD1F8B363C}.Release|Any CPU.ActiveCfg = Release|Any CPU
		{5F11AC88-33C4-4E3A-BC3A-91FD1F8B363C}.Release|Any CPU.Build.0 = Release|Any CPU
		{5F11AC88-33C4-4E3A-BC3A-91FD1F8B363C}.Release|Any CPU.Deploy.0 = Release|Any CPU
		{7C1AA1D9-8DC4-433B-B2DA-DBDAE70EA114}.Debug|Any CPU.ActiveCfg = Debug|Any CPU
		{7C1AA1D9-8DC4-433B-B2DA-DBDAE70EA114}.Debug|Any CPU.Build.0 = Debug|Any CPU
		{7C1AA1D9-8DC4-433B-B2DA-DBDAE70EA114}.Release|Any CPU.ActiveCfg = Release|Any CPU
		{7C1AA1D9-8DC4-433B-B2DA-DBDAE70EA114}.Release|Any CPU.Build.0 = Release|Any CPU
	EndGlobalSection
	GlobalSection(SolutionProperties) = preSolution
		HideSolutionNode = FALSE
	EndGlobalSection
	GlobalSection(ExtensibilityGlobals) = postSolution
		SolutionGuid = {D6864CE2-6445-48A4-94F1-2956810C4962}
	EndGlobalSection
EndGlobal
